
Microsoft Visual Studio Solution File, Format Version 12.00
# Visual Studio Version 17
VisualStudioVersion = 17.0.32014.148
MinimumVisualStudioVersion = 10.0.40219.1
Project("{FAE04EC0-301F-11D3-BF4B-00C04F79EFBC}") = "HelloWorld", "HelloWorld\HelloWorld.csproj", "{088A26A2-0F05-4E39-AD69-544F14091A39}"
EndProject
Global
	GlobalSection(SolutionConfigurationPlatforms) = preSolution
		Debug|Any CPU = Debug|Any CPU
		Release|Any CPU = Release|Any CPU
	EndGlobalSection
	GlobalSection(ProjectConfigurationPlatforms) = postSolution
		{088A26A2-0F05-4E39-AD69-544F14091A39}.Debug|Any CPU.ActiveCfg = Debug|Any CPU
		{088A26A2-0F05-4E39-AD69-544F14091A39}.Debug|Any CPU.Build.0 = Debug|Any CPU
		{088A26A2-0F05-4E39-AD69-544F14091A39}.Release|Any CPU.ActiveCfg = Release|Any CPU
		{088A26A2-0F05-4E39-AD69-544F14091A39}.Release|Any CPU.Build.0 = Release|Any CPU
	EndGlobalSection
	GlobalSection(SolutionProperties) = preSolution
		HideSolutionNode = FALSE
	EndGlobalSection
	GlobalSection(ExtensibilityGlobals) = postSolution
		SolutionGuid = {7F026708-BBFA-4F41-AEFC-787D096A21A2}
	EndGlobalSection
EndGlobal
